
Microsoft Visual Studio Solution File, Format Version 12.00
# Visual Studio Version 17
VisualStudioVersion = 17.7.34302.85
MinimumVisualStudioVersion = 10.0.40219.1
Project("{2150E333-8FDC-42A3-9474-1A3956D46DE8}") = "src", "src", "{F17D18A7-9D7D-485F-920E-77F550DD55BA}"
EndProject
Project("{2150E333-8FDC-42A3-9474-1A3956D46DE8}") = "framework", "framework", "{193BD814-6232-4DCA-8061-FFF4D9419AC3}"
EndProject
Project("{9A19103F-16F7-4668-BE54-9A1E7A4F7556}") = "Energetic.NET.Common", "src\framework\Energetic.NET.Common\Energetic.NET.Common.csproj", "{5C352C62-79BE-4AA0-BAF2-3CFE4B8F5984}"
EndProject
Project("{9A19103F-16F7-4668-BE54-9A1E7A4F7556}") = "Energetic.NET.SharedKernel", "src\framework\Energetic.NET.SharedKernel\Energetic.NET.SharedKernel.csproj", "{6494610F-3603-4434-9659-1EC540812FEF}"
EndProject
Project("{9A19103F-16F7-4668-BE54-9A1E7A4F7556}") = "Energetic.NET.Infrastructure", "src\framework\Energetic.NET.Infrastructure\Energetic.NET.Infrastructure.csproj", "{243794DC-2BA9-48C2-B68D-9C82A70AD270}"
EndProject
Project("{9A19103F-16F7-4668-BE54-9A1E7A4F7556}") = "Energetic.NET.ASPNETCore", "src\framework\Energetic.NET.ASPNETCore\Energetic.NET.ASPNETCore.csproj", "{0F68AD8A-E15A-4B10-98F5-61F91AAA0CCE}"
EndProject
Project("{2150E333-8FDC-42A3-9474-1A3956D46DE8}") = "projects", "projects", "{456530C1-AE59-4231-BD59-D68437269FA9}"
EndProject
Project("{9A19103F-16F7-4668-BE54-9A1E7A4F7556}") = "Energetic.NET.API", "src\projects\Energetic.NET.API\Energetic.NET.API.csproj", "{7767328B-48C7-4A07-947F-C3718329997C}"
EndProject
Project("{9A19103F-16F7-4668-BE54-9A1E7A4F7556}") = "Energetic.NET.Jwt", "src\framework\Energetic.NET.Jwt\Energetic.NET.Jwt.csproj", "{4A685306-6288-41AE-9575-0FE034F18C51}"
EndProject
Project("{9A19103F-16F7-4668-BE54-9A1E7A4F7556}") = "Energetic.NET.Basic.Domain", "src\projects\Energetic.NET.Basic.Domain\Energetic.NET.Basic.Domain.csproj", "{A334C4FE-8247-4036-B90F-1FC272846C2A}"
EndProject
Project("{9A19103F-16F7-4668-BE54-9A1E7A4F7556}") = "Energetic.NET.Basic.Infrastructure", "src\projects\Energetic.NET.Basic.Infrastructure\Energetic.NET.Basic.Infrastructure.csproj", "{60BBF0EE-D62D-40F4-9A36-7C477176D713}"
EndProject
Project("{9A19103F-16F7-4668-BE54-9A1E7A4F7556}") = "Energetic.NET.Basic.Application", "src\projects\Energetic.NET.Basic.Application\Energetic.NET.Basic.Application.csproj", "{D9E2E93B-DC32-4E30-B2A4-5C5F6006D96F}"
EndProject
Project("{FAE04EC0-301F-11D3-BF4B-00C04F79EFBC}") = "Energetic.NET.Middleware", "src\projects\Energetic.NET.Middleware\Energetic.NET.Middleware.csproj", "{654194D0-7638-4BE0-ADA3-F9C3DF9FFED3}"
EndProject
Global
	GlobalSection(SolutionConfigurationPlatforms) = preSolution
		Debug|Any CPU = Debug|Any CPU
		Release|Any CPU = Release|Any CPU
	EndGlobalSection
	GlobalSection(ProjectConfigurationPlatforms) = postSolution
		{5C352C62-79BE-4AA0-BAF2-3CFE4B8F5984}.Debug|Any CPU.ActiveCfg = Debug|Any CPU
		{5C352C62-79BE-4AA0-BAF2-3CFE4B8F5984}.Debug|Any CPU.Build.0 = Debug|Any CPU
		{5C352C62-79BE-4AA0-BAF2-3CFE4B8F5984}.Release|Any CPU.ActiveCfg = Release|Any CPU
		{5C352C62-79BE-4AA0-BAF2-3CFE4B8F5984}.Release|Any CPU.Build.0 = Release|Any CPU
		{6494610F-3603-4434-9659-1EC540812FEF}.Debug|Any CPU.ActiveCfg = Debug|Any CPU
		{6494610F-3603-4434-9659-1EC540812FEF}.Debug|Any CPU.Build.0 = Debug|Any CPU
		{6494610F-3603-4434-9659-1EC540812FEF}.Release|Any CPU.ActiveCfg = Release|Any CPU
		{6494610F-3603-4434-9659-1EC540812FEF}.Release|Any CPU.Build.0 = Release|Any CPU
		{243794DC-2BA9-48C2-B68D-9C82A70AD270}.Debug|Any CPU.ActiveCfg = Debug|Any CPU
		{243794DC-2BA9-48C2-B68D-9C82A70AD270}.Debug|Any CPU.Build.0 = Debug|Any CPU
		{243794DC-2BA9-48C2-B68D-9C82A70AD270}.Release|Any CPU.ActiveCfg = Release|Any CPU
		{243794DC-2BA9-48C2-B68D-9C82A70AD270}.Release|Any CPU.Build.0 = Release|Any CPU
		{0F68AD8A-E15A-4B10-98F5-61F91AAA0CCE}.Debug|Any CPU.ActiveCfg = Debug|Any CPU
		{0F68AD8A-E15A-4B10-98F5-61F91AAA0CCE}.Debug|Any CPU.Build.0 = Debug|Any CPU
		{0F68AD8A-E15A-4B10-98F5-61F91AAA0CCE}.Release|Any CPU.ActiveCfg = Release|Any CPU
		{0F68AD8A-E15A-4B10-98F5-61F91AAA0CCE}.Release|Any CPU.Build.0 = Release|Any CPU
		{7767328B-48C7-4A07-947F-C3718329997C}.Debug|Any CPU.ActiveCfg = Debug|Any CPU
		{7767328B-48C7-4A07-947F-C3718329997C}.Debug|Any CPU.Build.0 = Debug|Any CPU
		{7767328B-48C7-4A07-947F-C3718329997C}.Release|Any CPU.ActiveCfg = Release|Any CPU
		{7767328B-48C7-4A07-947F-C3718329997C}.Release|Any CPU.Build.0 = Release|Any CPU
		{4A685306-6288-41AE-9575-0FE034F18C51}.Debug|Any CPU.ActiveCfg = Debug|Any CPU
		{4A685306-6288-41AE-9575-0FE034F18C51}.Debug|Any CPU.Build.0 = Debug|Any CPU
		{4A685306-6288-41AE-9575-0FE034F18C51}.Release|Any CPU.ActiveCfg = Release|Any CPU
		{4A685306-6288-41AE-9575-0FE034F18C51}.Release|Any CPU.Build.0 = Release|Any CPU
		{A334C4FE-8247-4036-B90F-1FC272846C2A}.Debug|Any CPU.ActiveCfg = Debug|Any CPU
		{A334C4FE-8247-4036-B90F-1FC272846C2A}.Debug|Any CPU.Build.0 = Debug|Any CPU
		{A334C4FE-8247-4036-B90F-1FC272846C2A}.Release|Any CPU.ActiveCfg = Release|Any CPU
		{A334C4FE-8247-4036-B90F-1FC272846C2A}.Release|Any CPU.Build.0 = Release|Any CPU
		{60BBF0EE-D62D-40F4-9A36-7C477176D713}.Debug|Any CPU.ActiveCfg = Debug|Any CPU
		{60BBF0EE-D62D-40F4-9A36-7C477176D713}.Debug|Any CPU.Build.0 = Debug|Any CPU
		{60BBF0EE-D62D-40F4-9A36-7C477176D713}.Release|Any CPU.ActiveCfg = Release|Any CPU
		{60BBF0EE-D62D-40F4-9A36-7C477176D713}.Release|Any CPU.Build.0 = Release|Any CPU
		{D9E2E93B-DC32-4E30-B2A4-5C5F6006D96F}.Debug|Any CPU.ActiveCfg = Debug|Any CPU
		{D9E2E93B-DC32-4E30-B2A4-5C5F6006D96F}.Debug|Any CPU.Build.0 = Debug|Any CPU
		{D9E2E93B-DC32-4E30-B2A4-5C5F6006D96F}.Release|Any CPU.ActiveCfg = Release|Any CPU
		{D9E2E93B-DC32-4E30-B2A4-5C5F6006D96F}.Release|Any CPU.Build.0 = Release|Any CPU
		{654194D0-7638-4BE0-ADA3-F9C3DF9FFED3}.Debug|Any CPU.ActiveCfg = Debug|Any CPU
		{654194D0-7638-4BE0-ADA3-F9C3DF9FFED3}.Debug|Any CPU.Build.0 = Debug|Any CPU
		{654194D0-7638-4BE0-ADA3-F9C3DF9FFED3}.Release|Any CPU.ActiveCfg = Release|Any CPU
		{654194D0-7638-4BE0-ADA3-F9C3DF9FFED3}.Release|Any CPU.Build.0 = Release|Any CPU
	EndGlobalSection
	GlobalSection(SolutionProperties) = preSolution
		HideSolutionNode = FALSE
	EndGlobalSection
	GlobalSection(NestedProjects) = preSolution
		{193BD814-6232-4DCA-8061-FFF4D9419AC3} = {F17D18A7-9D7D-485F-920E-77F550DD55BA}
		{5C352C62-79BE-4AA0-BAF2-3CFE4B8F5984} = {193BD814-6232-4DCA-8061-FFF4D9419AC3}
		{6494610F-3603-4434-9659-1EC540812FEF} = {193BD814-6232-4DCA-8061-FFF4D9419AC3}
		{243794DC-2BA9-48C2-B68D-9C82A70AD270} = {193BD814-6232-4DCA-8061-FFF4D9419AC3}
		{0F68AD8A-E15A-4B10-98F5-61F91AAA0CCE} = {193BD814-6232-4DCA-8061-FFF4D9419AC3}
		{456530C1-AE59-4231-BD59-D68437269FA9} = {F17D18A7-9D7D-485F-920E-77F550DD55BA}
		{7767328B-48C7-4A07-947F-C3718329997C} = {456530C1-AE59-4231-BD59-D68437269FA9}
		{4A685306-6288-41AE-9575-0FE034F18C51} = {193BD814-6232-4DCA-8061-FFF4D9419AC3}
		{A334C4FE-8247-4036-B90F-1FC272846C2A} = {456530C1-AE59-4231-BD59-D68437269FA9}
		{60BBF0EE-D62D-40F4-9A36-7C477176D713} = {456530C1-AE59-4231-BD59-D68437269FA9}
		{D9E2E93B-DC32-4E30-B2A4-5C5F6006D96F} = {456530C1-AE59-4231-BD59-D68437269FA9}
		{654194D0-7638-4BE0-ADA3-F9C3DF9FFED3} = {456530C1-AE59-4231-BD59-D68437269FA9}
	EndGlobalSection
	GlobalSection(ExtensibilityGlobals) = postSolution
		SolutionGuid = {F323A020-6BD8-4EED-9E84-0566FF621925}
	EndGlobalSection
EndGlobal
